
Microsoft Visual Studio Solution File, Format Version 12.00
# Visual Studio Version 16
VisualStudioVersion = 16.0.32106.194
MinimumVisualStudioVersion = 10.0.40219.1
Project("{9A19103F-16F7-4668-BE54-9A1E7A4F7556}") = "GenericRepository.API", "GenericRepository.API\GenericRepository.API.csproj", "{190A5DB7-4020-4570-BD65-F74F51539A53}"
EndProject
Project("{9A19103F-16F7-4668-BE54-9A1E7A4F7556}") = "GenericRepository.Core", "GenericRepository.Core\GenericRepository.Core.csproj", "{754BF04B-AA11-41AA-8F6A-5E838ECA1805}"
EndProject
Project("{9A19103F-16F7-4668-BE54-9A1E7A4F7556}") = "GenericRepository.DataAccess", "GenericRepository.DataAccess\GenericRepository.DataAccess.csproj", "{BDE66C08-8FB0-4B87-8BB7-33450E4260DB}"
EndProject
Project("{9A19103F-16F7-4668-BE54-9A1E7A4F7556}") = "GenericRepository.Service", "GenericRepository.Service\GenericRepository.Service.csproj", "{D55744F4-8A5D-41B5-AC61-C0ED0704599A}"
EndProject
Project("{FAE04EC0-301F-11D3-BF4B-00C04F79EFBC}") = "GenericRepository.Tests", "GenericRepository.Tests\GenericRepository.Tests.csproj", "{FB42A349-0278-4297-AEF0-7BE5BCAD58FA}"
EndProject
Global
	GlobalSection(SolutionConfigurationPlatforms) = preSolution
		Debug|Any CPU = Debug|Any CPU
		Release|Any CPU = Release|Any CPU
	EndGlobalSection
	GlobalSection(ProjectConfigurationPlatforms) = postSolution
		{190A5DB7-4020-4570-BD65-F74F51539A53}.Debug|Any CPU.ActiveCfg = Debug|Any CPU
		{190A5DB7-4020-4570-BD65-F74F51539A53}.Debug|Any CPU.Build.0 = Debug|Any CPU
		{190A5DB7-4020-4570-BD65-F74F51539A53}.Release|Any CPU.ActiveCfg = Release|Any CPU
		{190A5DB7-4020-4570-BD65-F74F51539A53}.Release|Any CPU.Build.0 = Release|Any CPU
		{754BF04B-AA11-41AA-8F6A-5E838ECA1805}.Debug|Any CPU.ActiveCfg = Debug|Any CPU
		{754BF04B-AA11-41AA-8F6A-5E838ECA1805}.Debug|Any CPU.Build.0 = Debug|Any CPU
		{754BF04B-AA11-41AA-8F6A-5E838ECA1805}.Release|Any CPU.ActiveCfg = Release|Any CPU
		{754BF04B-AA11-41AA-8F6A-5E838ECA1805}.Release|Any CPU.Build.0 = Release|Any CPU
		{BDE66C08-8FB0-4B87-8BB7-33450E4260DB}.Debug|Any CPU.ActiveCfg = Debug|Any CPU
		{BDE66C08-8FB0-4B87-8BB7-33450E4260DB}.Debug|Any CPU.Build.0 = Debug|Any CPU
		{BDE66C08-8FB0-4B87-8BB7-33450E4260DB}.Release|Any CPU.ActiveCfg = Release|Any CPU
		{BDE66C08-8FB0-4B87-8BB7-33450E4260DB}.Release|Any CPU.Build.0 = Release|Any CPU
		{D55744F4-8A5D-41B5-AC61-C0ED0704599A}.Debug|Any CPU.ActiveCfg = Debug|Any CPU
		{D55744F4-8A5D-41B5-AC61-C0ED0704599A}.Debug|Any CPU.Build.0 = Debug|Any CPU
		{D55744F4-8A5D-41B5-AC61-C0ED0704599A}.Release|Any CPU.ActiveCfg = Release|Any CPU
		{D55744F4-8A5D-41B5-AC61-C0ED0704599A}.Release|Any CPU.Build.0 = Release|Any CPU
		{FB42A349-0278-4297-AEF0-7BE5BCAD58FA}.Debug|Any CPU.ActiveCfg = Debug|Any CPU
		{FB42A349-0278-4297-AEF0-7BE5BCAD58FA}.Debug|Any CPU.Build.0 = Debug|Any CPU
		{FB42A349-0278-4297-AEF0-7BE5BCAD58FA}.Release|Any CPU.ActiveCfg = Release|Any CPU
		{FB42A349-0278-4297-AEF0-7BE5BCAD58FA}.Release|Any CPU.Build.0 = Release|Any CPU
	EndGlobalSection
	GlobalSection(SolutionProperties) = preSolution
		HideSolutionNode = FALSE
	EndGlobalSection
	GlobalSection(ExtensibilityGlobals) = postSolution
		SolutionGuid = {99A28D73-A914-4DF6-BD0E-6FE948D747D9}
	EndGlobalSection
EndGlobal
